
Microsoft Visual Studio Solution File, Format Version 12.00
# Visual Studio Version 17
VisualStudioVersion = 17.8.34330.188
MinimumVisualStudioVersion = 10.0.40219.1
Project("{9A19103F-16F7-4668-BE54-9A1E7A4F7556}") = "RabbitMQ.Examples", "RabbitMQ.Examples\RabbitMQ.Examples.csproj", "{5D19D9E9-4201-4656-A638-6F03267B3FD6}"
EndProject
Project("{9A19103F-16F7-4668-BE54-9A1E7A4F7556}") = "Publisher", "PublishSubscriber\Publisher\Publisher.csproj", "{7CABFC9A-6FAF-4D06-939D-1525891763B5}"
EndProject
Project("{9A19103F-16F7-4668-BE54-9A1E7A4F7556}") = "Subscriber", "PublishSubscriber\Subscriber\Subscriber.csproj", "{C432CEAD-4769-4B7F-B8CB-A622A1EC81C0}"
EndProject
Project("{2150E333-8FDC-42A3-9474-1A3956D46DE8}") = "PublishSubscriber", "PublishSubscriber", "{E41E355E-C543-4047-9346-C38FA4CAD498}"
EndProject
Project("{2150E333-8FDC-42A3-9474-1A3956D46DE8}") = "RequestReply", "RequestReply", "{E8ACBAED-A07C-4F80-BF10-85CEC57F195B}"
EndProject
Project("{9A19103F-16F7-4668-BE54-9A1E7A4F7556}") = "Requester", "RequestReply\Requester\Requester.csproj", "{406D96CC-061B-4516-9752-E748C7779DDB}"
EndProject
Project("{9A19103F-16F7-4668-BE54-9A1E7A4F7556}") = "Replyer", "RequestReply\Replyer\Replyer.csproj", "{DE72ABBE-722F-4E28-8DBE-18F2C498ADC3}"
EndProject
Project("{2150E333-8FDC-42A3-9474-1A3956D46DE8}") = "FullWorkingExample", "FullWorkingExample", "{381E9FDD-5061-49B8-B318-DA2374EF28FD}"
EndProject
Project("{2150E333-8FDC-42A3-9474-1A3956D46DE8}") = "Domain", "Domain", "{23206DE6-163B-4790-B3D4-356169509C8C}"
EndProject
Project("{2150E333-8FDC-42A3-9474-1A3956D46DE8}") = "Infra.Bus", "Infra.Bus", "{B69C8D09-7AF9-40A4-BA41-CD754E782BC6}"
EndProject
Project("{2150E333-8FDC-42A3-9474-1A3956D46DE8}") = "Infra.Ioc", "Infra.Ioc", "{C3B020C8-A8D4-4FFF-B4DE-6DCCED218C44}"
EndProject
Project("{2150E333-8FDC-42A3-9474-1A3956D46DE8}") = "Microservices", "Microservices", "{6284E6CE-6F71-466D-8554-A897345F6F2B}"
EndProject
Project("{2150E333-8FDC-42A3-9474-1A3956D46DE8}") = "Banking", "Banking", "{7708518F-B629-4567-B4F8-58BC0EB38E50}"
EndProject
Project("{2150E333-8FDC-42A3-9474-1A3956D46DE8}") = "Transfer", "Transfer", "{83901AB6-68F7-4CFB-82F1-D1A1F3D6D963}"
EndProject
Project("{2150E333-8FDC-42A3-9474-1A3956D46DE8}") = "Presentation", "Presentation", "{FB5496FB-BBFB-49E6-BDF6-9A1D24207EC2}"
EndProject
Project("{9A19103F-16F7-4668-BE54-9A1E7A4F7556}") = "MicroRabbit.Domain.Core", "FullWorkingExample\Domain\MicroRabbit.Domain.Core\MicroRabbit.Domain.Core.csproj", "{81ECEDB7-010A-4561-B601-7316005D719A}"
EndProject
Project("{9A19103F-16F7-4668-BE54-9A1E7A4F7556}") = "MicroRabbit.Infra.Bus", "FullWorkingExample\Infra.Bus\MicroRabbit.Infra.Bus\MicroRabbit.Infra.Bus.csproj", "{1A2A4F47-ED97-4D4A-B972-C8E81A22439D}"
EndProject
Project("{9A19103F-16F7-4668-BE54-9A1E7A4F7556}") = "testBus", "FullWorkingExample\Infra.Bus\testBus\testBus.csproj", "{300BD5BB-EC4A-4A3C-890B-E5845BB27AD8}"
EndProject
Project("{9A19103F-16F7-4668-BE54-9A1E7A4F7556}") = "MicroRabbit.Infra.IoC", "FullWorkingExample\Infra.Ioc\MicroRabbit.Infra.IoC\MicroRabbit.Infra.IoC.csproj", "{4EFCD4B0-344A-4003-9FEB-BC4EC0F818E8}"
EndProject
Project("{9A19103F-16F7-4668-BE54-9A1E7A4F7556}") = "MicroRabbit.MVC", "FullWorkingExample\Presentation\MicroRabbit.MVC\MicroRabbit.MVC.csproj", "{6D020997-51E8-45A6-9905-BDAC24E821FB}"
EndProject
Project("{9A19103F-16F7-4668-BE54-9A1E7A4F7556}") = "MicroRabbit.Banking.Domain", "FullWorkingExample\Microservices\Banking\MicroRabbit.Banking.Domain\MicroRabbit.Banking.Domain.csproj", "{3076EB29-D1FD-455F-9E27-BE516DD56589}"
EndProject
Project("{9A19103F-16F7-4668-BE54-9A1E7A4F7556}") = "MicroRabbit.Banking.Application", "FullWorkingExample\Microservices\Banking\MicroRabbit.Banking.Application\MicroRabbit.Banking.Application.csproj", "{BD009034-39E7-4C0B-AE38-93AB5A5A030F}"
EndProject
Project("{9A19103F-16F7-4668-BE54-9A1E7A4F7556}") = "MicroRabbit.Banking.Data", "FullWorkingExample\Microservices\Banking\MicroRabbit.Banking.Data\MicroRabbit.Banking.Data.csproj", "{AC8C7071-B9A4-424C-818C-1F4CBD48185C}"
EndProject
Project("{9A19103F-16F7-4668-BE54-9A1E7A4F7556}") = "MicroRabbit.Banking.Api", "FullWorkingExample\Microservices\Banking\MicroRabbit.Banking.Api\MicroRabbit.Banking.Api.csproj", "{C74E0BB5-3F55-48EB-A339-4F2E4E99F65B}"
EndProject
Project("{9A19103F-16F7-4668-BE54-9A1E7A4F7556}") = "MicroRabbit.Transfer.Api", "FullWorkingExample\Microservices\Transfer\MicroRabbit.Transfer.Api\MicroRabbit.Transfer.Api.csproj", "{DD884BF8-DF9A-49CF-86DD-2378B8FA903A}"
EndProject
Project("{9A19103F-16F7-4668-BE54-9A1E7A4F7556}") = "MicroRabbit.Transfer.Application", "FullWorkingExample\Microservices\Transfer\MicroRabbit.Transfer.Application\MicroRabbit.Transfer.Application.csproj", "{FFECE85E-62EC-4D8B-A657-44EDAF20E3D6}"
EndProject
Project("{9A19103F-16F7-4668-BE54-9A1E7A4F7556}") = "MicroRabbit.Transfer.Data", "FullWorkingExample\Microservices\Transfer\MicroRabbit.Transfer.Data\MicroRabbit.Transfer.Data.csproj", "{14EF700A-2086-4795-A19C-B75087027024}"
EndProject
Project("{9A19103F-16F7-4668-BE54-9A1E7A4F7556}") = "MicroRabbit.Transfer.Domain", "FullWorkingExample\Microservices\Transfer\MicroRabbit.Transfer.Domain\MicroRabbit.Transfer.Domain.csproj", "{C156AD68-3487-43F1-983C-180309D427DD}"
EndProject
Project("{FAE04EC0-301F-11D3-BF4B-00C04F79EFBC}") = "RabbitMQ.MassTransit", "MassTransit\RabbitMQ.MassTransit\RabbitMQ.MassTransit.csproj", "{74059A5C-A4DE-45CD-91DF-0D18E8958FB8}"
EndProject
Project("{9A19103F-16F7-4668-BE54-9A1E7A4F7556}") = "MassTransit.InMemory", "MassTransit\MassTransit.InMemory\MassTransit.InMemory.csproj", "{F991DB66-ACFD-4FCE-BD7A-4F7BA56B8C93}"
EndProject
Project("{2150E333-8FDC-42A3-9474-1A3956D46DE8}") = "MassTransit", "MassTransit", "{F063D672-808B-482D-96D3-C7B237722416}"
EndProject
Global
	GlobalSection(SolutionConfigurationPlatforms) = preSolution
		Debug|Any CPU = Debug|Any CPU
		Release|Any CPU = Release|Any CPU
	EndGlobalSection
	GlobalSection(ProjectConfigurationPlatforms) = postSolution
		{5D19D9E9-4201-4656-A638-6F03267B3FD6}.Debug|Any CPU.ActiveCfg = Debug|Any CPU
		{5D19D9E9-4201-4656-A638-6F03267B3FD6}.Debug|Any CPU.Build.0 = Debug|Any CPU
		{5D19D9E9-4201-4656-A638-6F03267B3FD6}.Release|Any CPU.ActiveCfg = Release|Any CPU
		{5D19D9E9-4201-4656-A638-6F03267B3FD6}.Release|Any CPU.Build.0 = Release|Any CPU
		{7CABFC9A-6FAF-4D06-939D-1525891763B5}.Debug|Any CPU.ActiveCfg = Debug|Any CPU
		{7CABFC9A-6FAF-4D06-939D-1525891763B5}.Debug|Any CPU.Build.0 = Debug|Any CPU
		{7CABFC9A-6FAF-4D06-939D-1525891763B5}.Release|Any CPU.ActiveCfg = Release|Any CPU
		{7CABFC9A-6FAF-4D06-939D-1525891763B5}.Release|Any CPU.Build.0 = Release|Any CPU
		{C432CEAD-4769-4B7F-B8CB-A622A1EC81C0}.Debug|Any CPU.ActiveCfg = Debug|Any CPU
		{C432CEAD-4769-4B7F-B8CB-A622A1EC81C0}.Debug|Any CPU.Build.0 = Debug|Any CPU
		{C432CEAD-4769-4B7F-B8CB-A622A1EC81C0}.Release|Any CPU.ActiveCfg = Release|Any CPU
		{C432CEAD-4769-4B7F-B8CB-A622A1EC81C0}.Release|Any CPU.Build.0 = Release|Any CPU
		{406D96CC-061B-4516-9752-E748C7779DDB}.Debug|Any CPU.ActiveCfg = Debug|Any CPU
		{406D96CC-061B-4516-9752-E748C7779DDB}.Debug|Any CPU.Build.0 = Debug|Any CPU
		{406D96CC-061B-4516-9752-E748C7779DDB}.Release|Any CPU.ActiveCfg = Release|Any CPU
		{406D96CC-061B-4516-9752-E748C7779DDB}.Release|Any CPU.Build.0 = Release|Any CPU
		{DE72ABBE-722F-4E28-8DBE-18F2C498ADC3}.Debug|Any CPU.ActiveCfg = Debug|Any CPU
		{DE72ABBE-722F-4E28-8DBE-18F2C498ADC3}.Debug|Any CPU.Build.0 = Debug|Any CPU
		{DE72ABBE-722F-4E28-8DBE-18F2C498ADC3}.Release|Any CPU.ActiveCfg = Release|Any CPU
		{DE72ABBE-722F-4E28-8DBE-18F2C498ADC3}.Release|Any CPU.Build.0 = Release|Any CPU
		{81ECEDB7-010A-4561-B601-7316005D719A}.Debug|Any CPU.ActiveCfg = Debug|Any CPU
		{81ECEDB7-010A-4561-B601-7316005D719A}.Debug|Any CPU.Build.0 = Debug|Any CPU
		{81ECEDB7-010A-4561-B601-7316005D719A}.Release|Any CPU.ActiveCfg = Release|Any CPU
		{81ECEDB7-010A-4561-B601-7316005D719A}.Release|Any CPU.Build.0 = Release|Any CPU
		{1A2A4F47-ED97-4D4A-B972-C8E81A22439D}.Debug|Any CPU.ActiveCfg = Debug|Any CPU
		{1A2A4F47-ED97-4D4A-B972-C8E81A22439D}.Debug|Any CPU.Build.0 = Debug|Any CPU
		{1A2A4F47-ED97-4D4A-B972-C8E81A22439D}.Release|Any CPU.ActiveCfg = Release|Any CPU
		{1A2A4F47-ED97-4D4A-B972-C8E81A22439D}.Release|Any CPU.Build.0 = Release|Any CPU
		{300BD5BB-EC4A-4A3C-890B-E5845BB27AD8}.Debug|Any CPU.ActiveCfg = Debug|Any CPU
		{300BD5BB-EC4A-4A3C-890B-E5845BB27AD8}.Debug|Any CPU.Build.0 = Debug|Any CPU
		{300BD5BB-EC4A-4A3C-890B-E5845BB27AD8}.Release|Any CPU.ActiveCfg = Release|Any CPU
		{300BD5BB-EC4A-4A3C-890B-E5845BB27AD8}.Release|Any CPU.Build.0 = Release|Any CPU
		{4EFCD4B0-344A-4003-9FEB-BC4EC0F818E8}.Debug|Any CPU.ActiveCfg = Debug|Any CPU
		{4EFCD4B0-344A-4003-9FEB-BC4EC0F818E8}.Debug|Any CPU.Build.0 = Debug|Any CPU
		{4EFCD4B0-344A-4003-9FEB-BC4EC0F818E8}.Release|Any CPU.ActiveCfg = Release|Any CPU
		{4EFCD4B0-344A-4003-9FEB-BC4EC0F818E8}.Release|Any CPU.Build.0 = Release|Any CPU
		{6D020997-51E8-45A6-9905-BDAC24E821FB}.Debug|Any CPU.ActiveCfg = Debug|Any CPU
		{6D020997-51E8-45A6-9905-BDAC24E821FB}.Debug|Any CPU.Build.0 = Debug|Any CPU
		{6D020997-51E8-45A6-9905-BDAC24E821FB}.Release|Any CPU.ActiveCfg = Release|Any CPU
		{6D020997-51E8-45A6-9905-BDAC24E821FB}.Release|Any CPU.Build.0 = Release|Any CPU
		{3076EB29-D1FD-455F-9E27-BE516DD56589}.Debug|Any CPU.ActiveCfg = Debug|Any CPU
		{3076EB29-D1FD-455F-9E27-BE516DD56589}.Debug|Any CPU.Build.0 = Debug|Any CPU
		{3076EB29-D1FD-455F-9E27-BE516DD56589}.Release|Any CPU.ActiveCfg = Release|Any CPU
		{3076EB29-D1FD-455F-9E27-BE516DD56589}.Release|Any CPU.Build.0 = Release|Any CPU
		{BD009034-39E7-4C0B-AE38-93AB5A5A030F}.Debug|Any CPU.ActiveCfg = Debug|Any CPU
		{BD009034-39E7-4C0B-AE38-93AB5A5A030F}.Debug|Any CPU.Build.0 = Debug|Any CPU
		{BD009034-39E7-4C0B-AE38-93AB5A5A030F}.Release|Any CPU.ActiveCfg = Release|Any CPU
		{BD009034-39E7-4C0B-AE38-93AB5A5A030F}.Release|Any CPU.Build.0 = Release|Any CPU
		{AC8C7071-B9A4-424C-818C-1F4CBD48185C}.Debug|Any CPU.ActiveCfg = Debug|Any CPU
		{AC8C7071-B9A4-424C-818C-1F4CBD48185C}.Debug|Any CPU.Build.0 = Debug|Any CPU
		{AC8C7071-B9A4-424C-818C-1F4CBD48185C}.Release|Any CPU.ActiveCfg = Release|Any CPU
		{AC8C7071-B9A4-424C-818C-1F4CBD48185C}.Release|Any CPU.Build.0 = Release|Any CPU
		{C74E0BB5-3F55-48EB-A339-4F2E4E99F65B}.Debug|Any CPU.ActiveCfg = Debug|Any CPU
		{C74E0BB5-3F55-48EB-A339-4F2E4E99F65B}.Debug|Any CPU.Build.0 = Debug|Any CPU
		{C74E0BB5-3F55-48EB-A339-4F2E4E99F65B}.Release|Any CPU.ActiveCfg = Release|Any CPU
		{C74E0BB5-3F55-48EB-A339-4F2E4E99F65B}.Release|Any CPU.Build.0 = Release|Any CPU
		{DD884BF8-DF9A-49CF-86DD-2378B8FA903A}.Debug|Any CPU.ActiveCfg = Debug|Any CPU
		{DD884BF8-DF9A-49CF-86DD-2378B8FA903A}.Debug|Any CPU.Build.0 = Debug|Any CPU
		{DD884BF8-DF9A-49CF-86DD-2378B8FA903A}.Release|Any CPU.ActiveCfg = Release|Any CPU
		{DD884BF8-DF9A-49CF-86DD-2378B8FA903A}.Release|Any CPU.Build.0 = Release|Any CPU
		{FFECE85E-62EC-4D8B-A657-44EDAF20E3D6}.Debug|Any CPU.ActiveCfg = Debug|Any CPU
		{FFECE85E-62EC-4D8B-A657-44EDAF20E3D6}.Debug|Any CPU.Build.0 = Debug|Any CPU
		{FFECE85E-62EC-4D8B-A657-44EDAF20E3D6}.Release|Any CPU.ActiveCfg = Release|Any CPU
		{FFECE85E-62EC-4D8B-A657-44EDAF20E3D6}.Release|Any CPU.Build.0 = Release|Any CPU
		{14EF700A-2086-4795-A19C-B75087027024}.Debug|Any CPU.ActiveCfg = Debug|Any CPU
		{14EF700A-2086-4795-A19C-B75087027024}.Debug|Any CPU.Build.0 = Debug|Any CPU
		{14EF700A-2086-4795-A19C-B75087027024}.Release|Any CPU.ActiveCfg = Release|Any CPU
		{14EF700A-2086-4795-A19C-B75087027024}.Release|Any CPU.Build.0 = Release|Any CPU
		{C156AD68-3487-43F1-983C-180309D427DD}.Debug|Any CPU.ActiveCfg = Debug|Any CPU
		{C156AD68-3487-43F1-983C-180309D427DD}.Debug|Any CPU.Build.0 = Debug|Any CPU
		{C156AD68-3487-43F1-983C-180309D427DD}.Release|Any CPU.ActiveCfg = Release|Any CPU
		{C156AD68-3487-43F1-983C-180309D427DD}.Release|Any CPU.Build.0 = Release|Any CPU
		{74059A5C-A4DE-45CD-91DF-0D18E8958FB8}.Debug|Any CPU.ActiveCfg = Debug|Any CPU
		{74059A5C-A4DE-45CD-91DF-0D18E8958FB8}.Debug|Any CPU.Build.0 = Debug|Any CPU
		{74059A5C-A4DE-45CD-91DF-0D18E8958FB8}.Release|Any CPU.ActiveCfg = Release|Any CPU
		{74059A5C-A4DE-45CD-91DF-0D18E8958FB8}.Release|Any CPU.Build.0 = Release|Any CPU
		{F991DB66-ACFD-4FCE-BD7A-4F7BA56B8C93}.Debug|Any CPU.ActiveCfg = Debug|Any CPU
		{F991DB66-ACFD-4FCE-BD7A-4F7BA56B8C93}.Debug|Any CPU.Build.0 = Debug|Any CPU
		{F991DB66-ACFD-4FCE-BD7A-4F7BA56B8C93}.Release|Any CPU.ActiveCfg = Release|Any CPU
		{F991DB66-ACFD-4FCE-BD7A-4F7BA56B8C93}.Release|Any CPU.Build.0 = Release|Any CPU
	EndGlobalSection
	GlobalSection(SolutionProperties) = preSolution
		HideSolutionNode = FALSE
	EndGlobalSection
	GlobalSection(NestedProjects) = preSolution
		{7CABFC9A-6FAF-4D06-939D-1525891763B5} = {E41E355E-C543-4047-9346-C38FA4CAD498}
		{C432CEAD-4769-4B7F-B8CB-A622A1EC81C0} = {E41E355E-C543-4047-9346-C38FA4CAD498}
		{406D96CC-061B-4516-9752-E748C7779DDB} = {E8ACBAED-A07C-4F80-BF10-85CEC57F195B}
		{DE72ABBE-722F-4E28-8DBE-18F2C498ADC3} = {E8ACBAED-A07C-4F80-BF10-85CEC57F195B}
		{23206DE6-163B-4790-B3D4-356169509C8C} = {381E9FDD-5061-49B8-B318-DA2374EF28FD}
		{B69C8D09-7AF9-40A4-BA41-CD754E782BC6} = {381E9FDD-5061-49B8-B318-DA2374EF28FD}
		{C3B020C8-A8D4-4FFF-B4DE-6DCCED218C44} = {381E9FDD-5061-49B8-B318-DA2374EF28FD}
		{6284E6CE-6F71-466D-8554-A897345F6F2B} = {381E9FDD-5061-49B8-B318-DA2374EF28FD}
		{7708518F-B629-4567-B4F8-58BC0EB38E50} = {6284E6CE-6F71-466D-8554-A897345F6F2B}
		{83901AB6-68F7-4CFB-82F1-D1A1F3D6D963} = {6284E6CE-6F71-466D-8554-A897345F6F2B}
		{FB5496FB-BBFB-49E6-BDF6-9A1D24207EC2} = {381E9FDD-5061-49B8-B318-DA2374EF28FD}
		{81ECEDB7-010A-4561-B601-7316005D719A} = {23206DE6-163B-4790-B3D4-356169509C8C}
		{1A2A4F47-ED97-4D4A-B972-C8E81A22439D} = {B69C8D09-7AF9-40A4-BA41-CD754E782BC6}
		{300BD5BB-EC4A-4A3C-890B-E5845BB27AD8} = {B69C8D09-7AF9-40A4-BA41-CD754E782BC6}
		{4EFCD4B0-344A-4003-9FEB-BC4EC0F818E8} = {C3B020C8-A8D4-4FFF-B4DE-6DCCED218C44}
		{6D020997-51E8-45A6-9905-BDAC24E821FB} = {FB5496FB-BBFB-49E6-BDF6-9A1D24207EC2}
		{3076EB29-D1FD-455F-9E27-BE516DD56589} = {7708518F-B629-4567-B4F8-58BC0EB38E50}
		{BD009034-39E7-4C0B-AE38-93AB5A5A030F} = {7708518F-B629-4567-B4F8-58BC0EB38E50}
		{AC8C7071-B9A4-424C-818C-1F4CBD48185C} = {7708518F-B629-4567-B4F8-58BC0EB38E50}
		{C74E0BB5-3F55-48EB-A339-4F2E4E99F65B} = {7708518F-B629-4567-B4F8-58BC0EB38E50}
		{DD884BF8-DF9A-49CF-86DD-2378B8FA903A} = {83901AB6-68F7-4CFB-82F1-D1A1F3D6D963}
		{FFECE85E-62EC-4D8B-A657-44EDAF20E3D6} = {83901AB6-68F7-4CFB-82F1-D1A1F3D6D963}
		{14EF700A-2086-4795-A19C-B75087027024} = {83901AB6-68F7-4CFB-82F1-D1A1F3D6D963}
		{C156AD68-3487-43F1-983C-180309D427DD} = {83901AB6-68F7-4CFB-82F1-D1A1F3D6D963}
		{74059A5C-A4DE-45CD-91DF-0D18E8958FB8} = {F063D672-808B-482D-96D3-C7B237722416}
		{F991DB66-ACFD-4FCE-BD7A-4F7BA56B8C93} = {F063D672-808B-482D-96D3-C7B237722416}
	EndGlobalSection
	GlobalSection(ExtensibilityGlobals) = postSolution
		SolutionGuid = {C3ED3E64-0D43-46FA-AB6F-502907C78372}
	EndGlobalSection
EndGlobal
